// !$*UTF8*$!
{
	archiveVersion = 1;
	classes = {
	};
	objectVersion = 46;
	objects = {

/* Begin PBXBuildFile section */
		AE1433791C6D5F50003297B9 /* AppDelegate.swift in Sources */ = {isa = PBXBuildFile; fileRef = AE1433781C6D5F50003297B9 /* AppDelegate.swift */; };
		AE14337B1C6D5F50003297B9 /* ViewController.swift in Sources */ = {isa = PBXBuildFile; fileRef = AE14337A1C6D5F50003297B9 /* ViewController.swift */; };
		AE1433801C6D5F50003297B9 /* Assets.xcassets in Resources */ = {isa = PBXBuildFile; fileRef = AE14337F1C6D5F50003297B9 /* Assets.xcassets */; };
		AE1433831C6D5F50003297B9 /* LaunchScreen.storyboard in Resources */ = {isa = PBXBuildFile; fileRef = AE1433811C6D5F50003297B9 /* LaunchScreen.storyboard */; };
		AE14338E1C6D5F50003297B9 /* MovieParserTest.swift in Sources */ = {isa = PBXBuildFile; fileRef = AE14338D1C6D5F50003297B9 /* MovieParserTest.swift */; };
		AE1433991C6D62CC003297B9 /* MovieParser.swift in Sources */ = {isa = PBXBuildFile; fileRef = AE1433981C6D62CC003297B9 /* MovieParser.swift */; };
		AE14339B1C6D64DD003297B9 /* Result.framework in Frameworks */ = {isa = PBXBuildFile; fileRef = AE14339A1C6D64DD003297B9 /* Result.framework */; };
		AE14339D1C6D65BB003297B9 /* Result.framework in Frameworks */ = {isa = PBXBuildFile; fileRef = AE14339A1C6D64DD003297B9 /* Result.framework */; };
		AE14339F1C6D69B7003297B9 /* Movie.swift in Sources */ = {isa = PBXBuildFile; fileRef = AE14339E1C6D69B7003297B9 /* Movie.swift */; };
		AE1433A11C6D6A06003297B9 /* MovieListParserTest.swift in Sources */ = {isa = PBXBuildFile; fileRef = AE1433A01C6D6A06003297B9 /* MovieListParserTest.swift */; };
		AE1433A31C6D6A47003297B9 /* MovieListParser.swift in Sources */ = {isa = PBXBuildFile; fileRef = AE1433A21C6D6A47003297B9 /* MovieListParser.swift */; };
		AE1433A51C6D6AB9003297B9 /* MovieList.swift in Sources */ = {isa = PBXBuildFile; fileRef = AE1433A41C6D6AB9003297B9 /* MovieList.swift */; };
/* End PBXBuildFile section */

/* Begin PBXContainerItemProxy section */
		AE14338A1C6D5F50003297B9 /* PBXContainerItemProxy */ = {
			isa = PBXContainerItemProxy;
			containerPortal = AE14336D1C6D5F50003297B9 /* Project object */;
			proxyType = 1;
			remoteGlobalIDString = AE1433741C6D5F50003297B9;
			remoteInfo = Movies;
		};
/* End PBXContainerItemProxy section */

/* Begin PBXFileReference section */
		AE1433751C6D5F50003297B9 /* Movies.app */ = {isa = PBXFileReference; explicitFileType = wrapper.application; includeInIndex = 0; path = Movies.app; sourceTree = BUILT_PRODUCTS_DIR; };
		AE1433781C6D5F50003297B9 /* AppDelegate.swift */ = {isa = PBXFileReference; lastKnownFileType = sourcecode.swift; path = AppDelegate.swift; sourceTree = "<group>"; };
		AE14337A1C6D5F50003297B9 /* ViewController.swift */ = {isa = PBXFileReference; lastKnownFileType = sourcecode.swift; path = ViewController.swift; sourceTree = "<group>"; };
		AE14337F1C6D5F50003297B9 /* Assets.xcassets */ = {isa = PBXFileReference; lastKnownFileType = folder.assetcatalog; path = Assets.xcassets; sourceTree = "<group>"; };
		AE1433821C6D5F50003297B9 /* Base */ = {isa = PBXFileReference; lastKnownFileType = file.storyboard; name = Base; path = Base.lproj/LaunchScreen.storyboard; sourceTree = "<group>"; };
		AE1433841C6D5F50003297B9 /* Info.plist */ = {isa = PBXFileReference; lastKnownFileType = text.plist.xml; path = Info.plist; sourceTree = "<group>"; };
		AE1433891C6D5F50003297B9 /* MoviesTests.xctest */ = {isa = PBXFileReference; explicitFileType = wrapper.cfbundle; includeInIndex = 0; path = MoviesTests.xctest; sourceTree = BUILT_PRODUCTS_DIR; };
		AE14338D1C6D5F50003297B9 /* MovieParserTest.swift */ = {isa = PBXFileReference; lastKnownFileType = sourcecode.swift; path = MovieParserTest.swift; sourceTree = "<group>"; };
		AE14338F1C6D5F50003297B9 /* Info.plist */ = {isa = PBXFileReference; lastKnownFileType = text.plist.xml; path = Info.plist; sourceTree = "<group>"; };
		AE1433981C6D62CC003297B9 /* MovieParser.swift */ = {isa = PBXFileReference; fileEncoding = 4; lastKnownFileType = sourcecode.swift; path = MovieParser.swift; sourceTree = "<group>"; };
		AE14339A1C6D64DD003297B9 /* Result.framework */ = {isa = PBXFileReference; lastKnownFileType = wrapper.framework; name = Result.framework; path = Carthage/Build/iOS/Result.framework; sourceTree = "<group>"; };
		AE14339E1C6D69B7003297B9 /* Movie.swift */ = {isa = PBXFileReference; fileEncoding = 4; lastKnownFileType = sourcecode.swift; path = Movie.swift; sourceTree = "<group>"; };
		AE1433A01C6D6A06003297B9 /* MovieListParserTest.swift */ = {isa = PBXFileReference; fileEncoding = 4; lastKnownFileType = sourcecode.swift; path = MovieListParserTest.swift; sourceTree = "<group>"; };
		AE1433A21C6D6A47003297B9 /* MovieListParser.swift */ = {isa = PBXFileReference; fileEncoding = 4; lastKnownFileType = sourcecode.swift; path = MovieListParser.swift; sourceTree = "<group>"; };
		AE1433A41C6D6AB9003297B9 /* MovieList.swift */ = {isa = PBXFileReference; fileEncoding = 4; lastKnownFileType = sourcecode.swift; path = MovieList.swift; sourceTree = "<group>"; };
/* End PBXFileReference section */

/* Begin PBXFrameworksBuildPhase section */
		AE1433721C6D5F50003297B9 /* Frameworks */ = {
			isa = PBXFrameworksBuildPhase;
			buildActionMask = 2147483647;
			files = (
				AE14339B1C6D64DD003297B9 /* Result.framework in Frameworks */,
			);
			runOnlyForDeploymentPostprocessing = 0;
		};
		AE1433861C6D5F50003297B9 /* Frameworks */ = {
			isa = PBXFrameworksBuildPhase;
			buildActionMask = 2147483647;
			files = (
				AE14339D1C6D65BB003297B9 /* Result.framework in Frameworks */,
			);
			runOnlyForDeploymentPostprocessing = 0;
		};
/* End PBXFrameworksBuildPhase section */

/* Begin PBXGroup section */
		AE14336C1C6D5F50003297B9 = {
			isa = PBXGroup;
			children = (
				AE14339A1C6D64DD003297B9 /* Result.framework */,
				AE1433771C6D5F50003297B9 /* Movies */,
				AE14338C1C6D5F50003297B9 /* MoviesTests */,
				AE1433761C6D5F50003297B9 /* Products */,
			);
			sourceTree = "<group>";
		};
		AE1433761C6D5F50003297B9 /* Products */ = {
			isa = PBXGroup;
			children = (
				AE1433751C6D5F50003297B9 /* Movies.app */,
				AE1433891C6D5F50003297B9 /* MoviesTests.xctest */,
			);
			name = Products;
			sourceTree = "<group>";
		};
		AE1433771C6D5F50003297B9 /* Movies */ = {
			isa = PBXGroup;
			children = (
				AE1433781C6D5F50003297B9 /* AppDelegate.swift */,
				AE14337A1C6D5F50003297B9 /* ViewController.swift */,
				AE14337F1C6D5F50003297B9 /* Assets.xcassets */,
				AE1433811C6D5F50003297B9 /* LaunchScreen.storyboard */,
				AE1433841C6D5F50003297B9 /* Info.plist */,
				AE1433981C6D62CC003297B9 /* MovieParser.swift */,
				AE14339E1C6D69B7003297B9 /* Movie.swift */,
				AE1433A21C6D6A47003297B9 /* MovieListParser.swift */,
				AE1433A41C6D6AB9003297B9 /* MovieList.swift */,
			);
			path = Movies;
			sourceTree = "<group>";
		};
		AE14338C1C6D5F50003297B9 /* MoviesTests */ = {
			isa = PBXGroup;
			children = (
				AE14338D1C6D5F50003297B9 /* MovieParserTest.swift */,
				AE14338F1C6D5F50003297B9 /* Info.plist */,
				AE1433A01C6D6A06003297B9 /* MovieListParserTest.swift */,
			);
			path = MoviesTests;
			sourceTree = "<group>";
		};
/* End PBXGroup section */

/* Begin PBXNativeTarget section */
		AE1433741C6D5F50003297B9 /* Movies */ = {
			isa = PBXNativeTarget;
			buildConfigurationList = AE1433921C6D5F50003297B9 /* Build configuration list for PBXNativeTarget "Movies" */;
			buildPhases = (
				AE1433711C6D5F50003297B9 /* Sources */,
				AE1433721C6D5F50003297B9 /* Frameworks */,
				AE1433731C6D5F50003297B9 /* Resources */,
				AE14339C1C6D64FA003297B9 /* ShellScript */,
			);
			buildRules = (
			);
			dependencies = (
			);
			name = Movies;
			productName = Movies;
			productReference = AE1433751C6D5F50003297B9 /* Movies.app */;
			productType = "com.apple.product-type.application";
		};
		AE1433881C6D5F50003297B9 /* MoviesTests */ = {
			isa = PBXNativeTarget;
			buildConfigurationList = AE1433951C6D5F50003297B9 /* Build configuration list for PBXNativeTarget "MoviesTests" */;
			buildPhases = (
				AE1433851C6D5F50003297B9 /* Sources */,
				AE1433861C6D5F50003297B9 /* Frameworks */,
				AE1433871C6D5F50003297B9 /* Resources */,
			);
			buildRules = (
			);
			dependencies = (
				AE14338B1C6D5F50003297B9 /* PBXTargetDependency */,
			);
			name = MoviesTests;
			productName = MoviesTests;
			productReference = AE1433891C6D5F50003297B9 /* MoviesTests.xctest */;
			productType = "com.apple.product-type.bundle.unit-test";
		};
/* End PBXNativeTarget section */

/* Begin PBXProject section */
		AE14336D1C6D5F50003297B9 /* Project object */ = {
			isa = PBXProject;
			attributes = {
				LastSwiftUpdateCheck = 0720;
				LastUpgradeCheck = 0720;
				ORGANIZATIONNAME = Pivotal;
				TargetAttributes = {
					AE1433741C6D5F50003297B9 = {
						CreatedOnToolsVersion = 7.2.1;
					};
					AE1433881C6D5F50003297B9 = {
						CreatedOnToolsVersion = 7.2.1;
						TestTargetID = AE1433741C6D5F50003297B9;
					};
				};
			};
			buildConfigurationList = AE1433701C6D5F50003297B9 /* Build configuration list for PBXProject "Movies" */;
			compatibilityVersion = "Xcode 3.2";
			developmentRegion = English;
			hasScannedForEncodings = 0;
			knownRegions = (
				en,
				Base,
			);
			mainGroup = AE14336C1C6D5F50003297B9;
			productRefGroup = AE1433761C6D5F50003297B9 /* Products */;
			projectDirPath = "";
			projectRoot = "";
			targets = (
				AE1433741C6D5F50003297B9 /* Movies */,
				AE1433881C6D5F50003297B9 /* MoviesTests */,
			);
		};
/* End PBXProject section */

/* Begin PBXResourcesBuildPhase section */
		AE1433731C6D5F50003297B9 /* Resources */ = {
			isa = PBXResourcesBuildPhase;
			buildActionMask = 2147483647;
			files = (
				AE1433831C6D5F50003297B9 /* LaunchScreen.storyboard in Resources */,
				AE1433801C6D5F50003297B9 /* Assets.xcassets in Resources */,
			);
			runOnlyForDeploymentPostprocessing = 0;
		};
		AE1433871C6D5F50003297B9 /* Resources */ = {
			isa = PBXResourcesBuildPhase;
			buildActionMask = 2147483647;
			files = (
			);
			runOnlyForDeploymentPostprocessing = 0;
		};
/* End PBXResourcesBuildPhase section */

/* Begin PBXShellScriptBuildPhase section */
		AE14339C1C6D64FA003297B9 /* ShellScript */ = {
			isa = PBXShellScriptBuildPhase;
			buildActionMask = 2147483647;
			files = (
			);
			inputPaths = (
				"$(SRCROOT)/Carthage/Build/iOS/Result.framework",
			);
			outputPaths = (
			);
			runOnlyForDeploymentPostprocessing = 0;
			shellPath = /bin/sh;
			shellScript = "/usr/local/bin/carthage copy-frameworks";
		};
/* End PBXShellScriptBuildPhase section */

/* Begin PBXSourcesBuildPhase section */
		AE1433711C6D5F50003297B9 /* Sources */ = {
			isa = PBXSourcesBuildPhase;
			buildActionMask = 2147483647;
			files = (
				AE1433A51C6D6AB9003297B9 /* MovieList.swift in Sources */,
				AE1433A31C6D6A47003297B9 /* MovieListParser.swift in Sources */,
				AE14337B1C6D5F50003297B9 /* ViewController.swift in Sources */,
				AE1433791C6D5F50003297B9 /* AppDelegate.swift in Sources */,
				AE14339F1C6D69B7003297B9 /* Movie.swift in Sources */,
				AE1433991C6D62CC003297B9 /* MovieParser.swift in Sources */,
			);
			runOnlyForDeploymentPostprocessing = 0;
		};
		AE1433851C6D5F50003297B9 /* Sources */ = {
			isa = PBXSourcesBuildPhase;
			buildActionMask = 2147483647;
			files = (
				AE14338E1C6D5F50003297B9 /* MovieParserTest.swift in Sources */,
				AE1433A11C6D6A06003297B9 /* MovieListParserTest.swift in Sources */,
			);
			runOnlyForDeploymentPostprocessing = 0;
		};
/* End PBXSourcesBuildPhase section */

/* Begin PBXTargetDependency section */
		AE14338B1C6D5F50003297B9 /* PBXTargetDependency */ = {
			isa = PBXTargetDependency;
			target = AE1433741C6D5F50003297B9 /* Movies */;
			targetProxy = AE14338A1C6D5F50003297B9 /* PBXContainerItemProxy */;
		};
/* End PBXTargetDependency section */

/* Begin PBXVariantGroup section */
		AE1433811C6D5F50003297B9 /* LaunchScreen.storyboard */ = {
			isa = PBXVariantGroup;
			children = (
				AE1433821C6D5F50003297B9 /* Base */,
			);
			name = LaunchScreen.storyboard;
			sourceTree = "<group>";
		};
/* End PBXVariantGroup section */

/* Begin XCBuildConfiguration section */
		AE1433901C6D5F50003297B9 /* Debug */ = {
			isa = XCBuildConfiguration;
			buildSettings = {
				ALWAYS_SEARCH_USER_PATHS = NO;
				CLANG_CXX_LANGUAGE_STANDARD = "gnu++0x";
				CLANG_CXX_LIBRARY = "libc++";
				CLANG_ENABLE_MODULES = YES;
				CLANG_ENABLE_OBJC_ARC = YES;
				CLANG_WARN_BOOL_CONVERSION = YES;
				CLANG_WARN_CONSTANT_CONVERSION = YES;
				CLANG_WARN_DIRECT_OBJC_ISA_USAGE = YES_ERROR;
				CLANG_WARN_EMPTY_BODY = YES;
				CLANG_WARN_ENUM_CONVERSION = YES;
				CLANG_WARN_INT_CONVERSION = YES;
				CLANG_WARN_OBJC_ROOT_CLASS = YES_ERROR;
				CLANG_WARN_UNREACHABLE_CODE = YES;
				CLANG_WARN__DUPLICATE_METHOD_MATCH = YES;
				"CODE_SIGN_IDENTITY[sdk=iphoneos*]" = "iPhone Developer";
				COPY_PHASE_STRIP = NO;
				DEBUG_INFORMATION_FORMAT = dwarf;
				ENABLE_STRICT_OBJC_MSGSEND = YES;
				ENABLE_TESTABILITY = YES;
				GCC_C_LANGUAGE_STANDARD = gnu99;
				GCC_DYNAMIC_NO_PIC = NO;
				GCC_NO_COMMON_BLOCKS = YES;
				GCC_OPTIMIZATION_LEVEL = 0;
				GCC_PREPROCESSOR_DEFINITIONS = (
					"DEBUG=1",
					"$(inherited)",
				);
				GCC_WARN_64_TO_32_BIT_CONVERSION = YES;
				GCC_WARN_ABOUT_RETURN_TYPE = YES_ERROR;
				GCC_WARN_UNDECLARED_SELECTOR = YES;
				GCC_WARN_UNINITIALIZED_AUTOS = YES_AGGRESSIVE;
				GCC_WARN_UNUSED_FUNCTION = YES;
				GCC_WARN_UNUSED_VARIABLE = YES;
				IPHONEOS_DEPLOYMENT_TARGET = 9.2;
				MTL_ENABLE_DEBUG_INFO = YES;
				ONLY_ACTIVE_ARCH = YES;
				SDKROOT = iphoneos;
				SWIFT_OPTIMIZATION_LEVEL = "-Onone";
			};
			name = Debug;
		};
		AE1433911C6D5F50003297B9 /* Release */ = {
			isa = XCBuildConfiguration;
			buildSettings = {
				ALWAYS_SEARCH_USER_PATHS = NO;
				CLANG_CXX_LANGUAGE_STANDARD = "gnu++0x";
				CLANG_CXX_LIBRARY = "libc++";
				CLANG_ENABLE_MODULES = YES;
				CLANG_ENABLE_OBJC_ARC = YES;
				CLANG_WARN_BOOL_CONVERSION = YES;
				CLANG_WARN_CONSTANT_CONVERSION = YES;
				CLANG_WARN_DIRECT_OBJC_ISA_USAGE = YES_ERROR;
				CLANG_WARN_EMPTY_BODY = YES;
				CLANG_WARN_ENUM_CONVERSION = YES;
				CLANG_WARN_INT_CONVERSION = YES;
				CLANG_WARN_OBJC_ROOT_CLASS = YES_ERROR;
				CLANG_WARN_UNREACHABLE_CODE = YES;
				CLANG_WARN__DUPLICATE_METHOD_MATCH = YES;
				"CODE_SIGN_IDENTITY[sdk=iphoneos*]" = "iPhone Developer";
				COPY_PHASE_STRIP = NO;
				DEBUG_INFORMATION_FORMAT = "dwarf-with-dsym";
				ENABLE_NS_ASSERTIONS = NO;
				ENABLE_STRICT_OBJC_MSGSEND = YES;
				GCC_C_LANGUAGE_STANDARD = gnu99;
				GCC_NO_COMMON_BLOCKS = YES;
				GCC_WARN_64_TO_32_BIT_CONVERSION = YES;
				GCC_WARN_ABOUT_RETURN_TYPE = YES_ERROR;
				GCC_WARN_UNDECLARED_SELECTOR = YES;
				GCC_WARN_UNINITIALIZED_AUTOS = YES_AGGRESSIVE;
				GCC_WARN_UNUSED_FUNCTION = YES;
				GCC_WARN_UNUSED_VARIABLE = YES;
				IPHONEOS_DEPLOYMENT_TARGET = 9.2;
				MTL_ENABLE_DEBUG_INFO = NO;
				SDKROOT = iphoneos;
				VALIDATE_PRODUCT = YES;
			};
			name = Release;
		};
		AE1433931C6D5F50003297B9 /* Debug */ = {
			isa = XCBuildConfiguration;
			buildSettings = {
				ASSETCATALOG_COMPILER_APPICON_NAME = AppIcon;
				FRAMEWORK_SEARCH_PATHS = (
					"$(inherited)",
					"$(PROJECT_DIR)/Carthage/Build/iOS",
				);
				INFOPLIST_FILE = Movies/Info.plist;
				LD_RUNPATH_SEARCH_PATHS = "$(inherited) @executable_path/Frameworks";
				PRODUCT_BUNDLE_IDENTIFIER = io.pivotal.Movies;
				PRODUCT_NAME = "$(TARGET_NAME)";
			};
			name = Debug;
		};
		AE1433941C6D5F50003297B9 /* Release */ = {
			isa = XCBuildConfiguration;
			buildSettings = {
				ASSETCATALOG_COMPILER_APPICON_NAME = AppIcon;
				FRAMEWORK_SEARCH_PATHS = (
					"$(inherited)",
					"$(PROJECT_DIR)/Carthage/Build/iOS",
				);
				INFOPLIST_FILE = Movies/Info.plist;
				LD_RUNPATH_SEARCH_PATHS = "$(inherited) @executable_path/Frameworks";
				PRODUCT_BUNDLE_IDENTIFIER = io.pivotal.Movies;
				PRODUCT_NAME = "$(TARGET_NAME)";
			};
			name = Release;
		};
		AE1433961C6D5F50003297B9 /* Debug */ = {
			isa = XCBuildConfiguration;
			buildSettings = {
				BUNDLE_LOADER = "$(TEST_HOST)";
				FRAMEWORK_SEARCH_PATHS = (
					"$(inherited)",
					"$(PROJECT_DIR)/Carthage/Build/iOS",
				);
				INFOPLIST_FILE = MoviesTests/Info.plist;
				LD_RUNPATH_SEARCH_PATHS = "$(inherited) @executable_path/Frameworks @loader_path/Frameworks";
				PRODUCT_BUNDLE_IDENTIFIER = io.pivotal.MoviesTests;
				PRODUCT_NAME = "$(TARGET_NAME)";
				TEST_HOST = "$(BUILT_PRODUCTS_DIR)/Movies.app/Movies";
			};
			name = Debug;
		};
		AE1433971C6D5F50003297B9 /* Release */ = {
			isa = XCBuildConfiguration;
			buildSettings = {
				BUNDLE_LOADER = "$(TEST_HOST)";
				FRAMEWORK_SEARCH_PATHS = (
					"$(inherited)",
					"$(PROJECT_DIR)/Carthage/Build/iOS",
				);
				INFOPLIST_FILE = MoviesTests/Info.plist;
				LD_RUNPATH_SEARCH_PATHS = "$(inherited) @executable_path/Frameworks @loader_path/Frameworks";
				PRODUCT_BUNDLE_IDENTIFIER = io.pivotal.MoviesTests;
				PRODUCT_NAME = "$(TARGET_NAME)";
				TEST_HOST = "$(BUILT_PRODUCTS_DIR)/Movies.app/Movies";
			};
			name = Release;
		};
/* End XCBuildConfiguration section */

/* Begin XCConfigurationList section */
		AE1433701C6D5F50003297B9 /* Build configuration list for PBXProject "Movies" */ = {
			isa = XCConfigurationList;
			buildConfigurations = (
				AE1433901C6D5F50003297B9 /* Debug */,
				AE1433911C6D5F50003297B9 /* Release */,
			);
			defaultConfigurationIsVisible = 0;
			defaultConfigurationName = Release;
		};
		AE1433921C6D5F50003297B9 /* Build configuration list for PBXNativeTarget "Movies" */ = {
			isa = XCConfigurationList;
			buildConfigurations = (
				AE1433931C6D5F50003297B9 /* Debug */,
				AE1433941C6D5F50003297B9 /* Release */,
			);
			defaultConfigurationIsVisible = 0;
		};
		AE1433951C6D5F50003297B9 /* Build configuration list for PBXNativeTarget "MoviesTests" */ = {
			isa = XCConfigurationList;
			buildConfigurations = (
				AE1433961C6D5F50003297B9 /* Debug */,
				AE1433971C6D5F50003297B9 /* Release */,
			);
			defaultConfigurationIsVisible = 0;
		};
/* End XCConfigurationList section */
	};
	rootObject = AE14336D1C6D5F50003297B9 /* Project object */;
}
