// !$*UTF8*$!
{
	archiveVersion = 1;
	classes = {
	};
	objectVersion = 46;
	objects = {

/* Begin PBXBuildFile section */
		9D462E611C8D93C700D43273 /* AppDelegate.swift in Sources */ = {isa = PBXBuildFile; fileRef = 9D462E5A1C8D93C700D43273 /* AppDelegate.swift */; };
		9D462E631C8D93C700D43273 /* Environment.swift in Sources */ = {isa = PBXBuildFile; fileRef = 9D462E5E1C8D93C700D43273 /* Environment.swift */; };
		9D462E651C8D93C700D43273 /* main.swift in Sources */ = {isa = PBXBuildFile; fileRef = 9D462E601C8D93C700D43273 /* main.swift */; };
		9D462E681C8D93D500D43273 /* LaunchScreen.storyboard in Resources */ = {isa = PBXBuildFile; fileRef = 9D462E661C8D93D500D43273 /* LaunchScreen.storyboard */; };
		9D77B6A01C8D967B00148032 /* FakeMovieRepository.swift in Sources */ = {isa = PBXBuildFile; fileRef = 9D77B6941C8D967B00148032 /* FakeMovieRepository.swift */; };
		9D77B6A11C8D967B00148032 /* MovieListParserTest.swift in Sources */ = {isa = PBXBuildFile; fileRef = 9D77B6951C8D967B00148032 /* MovieListParserTest.swift */; };
		9D77B6A21C8D967B00148032 /* MovieParserTest.swift in Sources */ = {isa = PBXBuildFile; fileRef = 9D77B6961C8D967B00148032 /* MovieParserTest.swift */; };
		9D77B6A31C8D967B00148032 /* MovieViewControllerTest.swift in Sources */ = {isa = PBXBuildFile; fileRef = 9D77B6971C8D967B00148032 /* MovieViewControllerTest.swift */; };
		9D77B6A41C8D967B00148032 /* FakeHttp.swift in Sources */ = {isa = PBXBuildFile; fileRef = 9D77B6991C8D967B00148032 /* FakeHttp.swift */; };
		9D77B6A51C8D967B00148032 /* FakeSession.swift in Sources */ = {isa = PBXBuildFile; fileRef = 9D77B69A1C8D967B00148032 /* FakeSession.swift */; };
		9D77B6A61C8D967B00148032 /* NetworkHttpTest.swift in Sources */ = {isa = PBXBuildFile; fileRef = 9D77B69B1C8D967B00148032 /* NetworkHttpTest.swift */; };
		9D77B6A71C8D967B00148032 /* NetworkMovieRepositoryTest.swift in Sources */ = {isa = PBXBuildFile; fileRef = 9D77B69C1C8D967B00148032 /* NetworkMovieRepositoryTest.swift */; };
		9D77B6A81C8D967B00148032 /* ExtensionsForTest.swift in Sources */ = {isa = PBXBuildFile; fileRef = 9D77B69E1C8D967B00148032 /* ExtensionsForTest.swift */; };
		9DB285E51C8D941F005B1328 /* Movie.swift in Sources */ = {isa = PBXBuildFile; fileRef = 9DB285DF1C8D941F005B1328 /* Movie.swift */; };
		9DB285E61C8D941F005B1328 /* MovieList.swift in Sources */ = {isa = PBXBuildFile; fileRef = 9DB285E01C8D941F005B1328 /* MovieList.swift */; };
		9DB285E71C8D941F005B1328 /* MovieListParser.swift in Sources */ = {isa = PBXBuildFile; fileRef = 9DB285E11C8D941F005B1328 /* MovieListParser.swift */; };
		9DB285E81C8D941F005B1328 /* MovieParseError.swift in Sources */ = {isa = PBXBuildFile; fileRef = 9DB285E21C8D941F005B1328 /* MovieParseError.swift */; };
		9DB285E91C8D941F005B1328 /* MovieParser.swift in Sources */ = {isa = PBXBuildFile; fileRef = 9DB285E31C8D941F005B1328 /* MovieParser.swift */; };
		9DB285EA1C8D941F005B1328 /* MovieViewController.swift in Sources */ = {isa = PBXBuildFile; fileRef = 9DB285E41C8D941F005B1328 /* MovieViewController.swift */; };
		9DB285EF1C8D9427005B1328 /* ConfiguredNetworkSession.swift in Sources */ = {isa = PBXBuildFile; fileRef = 9DB285EB1C8D9427005B1328 /* ConfiguredNetworkSession.swift */; };
		9DB285F01C8D9427005B1328 /* DataParser.swift in Sources */ = {isa = PBXBuildFile; fileRef = 9DB285EC1C8D9427005B1328 /* DataParser.swift */; };
		9DB285F11C8D9427005B1328 /* NetworkHttp.swift in Sources */ = {isa = PBXBuildFile; fileRef = 9DB285ED1C8D9427005B1328 /* NetworkHttp.swift */; };
		9DB285F21C8D9427005B1328 /* NetworkMovieRepository.swift in Sources */ = {isa = PBXBuildFile; fileRef = 9DB285EE1C8D9427005B1328 /* NetworkMovieRepository.swift */; };
		AE1994541C6D9A8100196A36 /* BrightFutures.framework in Frameworks */ = {isa = PBXBuildFile; fileRef = AE1994531C6D9A8100196A36 /* BrightFutures.framework */; };
		AE1994581C6D9B6B00196A36 /* Result.framework in Frameworks */ = {isa = PBXBuildFile; fileRef = AE1994571C6D9B6B00196A36 /* Result.framework */; };
		AE1994591C6D9BA300196A36 /* BrightFutures.framework in Frameworks */ = {isa = PBXBuildFile; fileRef = AE1994531C6D9A8100196A36 /* BrightFutures.framework */; };
		AE19945A1C6D9BA300196A36 /* Result.framework in Frameworks */ = {isa = PBXBuildFile; fileRef = AE1994571C6D9B6B00196A36 /* Result.framework */; };
/* End PBXBuildFile section */

/* Begin PBXContainerItemProxy section */
		AE14338A1C6D5F50003297B9 /* PBXContainerItemProxy */ = {
			isa = PBXContainerItemProxy;
			containerPortal = AE14336D1C6D5F50003297B9 /* Project object */;
			proxyType = 1;
			remoteGlobalIDString = AE1433741C6D5F50003297B9;
			remoteInfo = Movies;
		};
/* End PBXContainerItemProxy section */

/* Begin PBXFileReference section */
		9D462E5A1C8D93C700D43273 /* AppDelegate.swift */ = {isa = PBXFileReference; fileEncoding = 4; lastKnownFileType = sourcecode.swift; path = AppDelegate.swift; sourceTree = "<group>"; };
		9D462E5E1C8D93C700D43273 /* Environment.swift */ = {isa = PBXFileReference; fileEncoding = 4; lastKnownFileType = sourcecode.swift; path = Environment.swift; sourceTree = "<group>"; };
		9D462E5F1C8D93C700D43273 /* Info.plist */ = {isa = PBXFileReference; fileEncoding = 4; lastKnownFileType = text.plist.xml; path = Info.plist; sourceTree = "<group>"; };
		9D462E601C8D93C700D43273 /* main.swift */ = {isa = PBXFileReference; fileEncoding = 4; lastKnownFileType = sourcecode.swift; path = main.swift; sourceTree = "<group>"; };
		9D462E671C8D93D500D43273 /* Base */ = {isa = PBXFileReference; lastKnownFileType = file.storyboard; name = Base; path = Base.lproj/LaunchScreen.storyboard; sourceTree = "<group>"; };
		9D77B6941C8D967B00148032 /* FakeMovieRepository.swift */ = {isa = PBXFileReference; fileEncoding = 4; lastKnownFileType = sourcecode.swift; path = FakeMovieRepository.swift; sourceTree = "<group>"; };
		9D77B6951C8D967B00148032 /* MovieListParserTest.swift */ = {isa = PBXFileReference; fileEncoding = 4; lastKnownFileType = sourcecode.swift; path = MovieListParserTest.swift; sourceTree = "<group>"; };
		9D77B6961C8D967B00148032 /* MovieParserTest.swift */ = {isa = PBXFileReference; fileEncoding = 4; lastKnownFileType = sourcecode.swift; path = MovieParserTest.swift; sourceTree = "<group>"; };
		9D77B6971C8D967B00148032 /* MovieViewControllerTest.swift */ = {isa = PBXFileReference; fileEncoding = 4; lastKnownFileType = sourcecode.swift; path = MovieViewControllerTest.swift; sourceTree = "<group>"; };
		9D77B6991C8D967B00148032 /* FakeHttp.swift */ = {isa = PBXFileReference; fileEncoding = 4; lastKnownFileType = sourcecode.swift; path = FakeHttp.swift; sourceTree = "<group>"; };
		9D77B69A1C8D967B00148032 /* FakeSession.swift */ = {isa = PBXFileReference; fileEncoding = 4; lastKnownFileType = sourcecode.swift; path = FakeSession.swift; sourceTree = "<group>"; };
		9D77B69B1C8D967B00148032 /* NetworkHttpTest.swift */ = {isa = PBXFileReference; fileEncoding = 4; lastKnownFileType = sourcecode.swift; path = NetworkHttpTest.swift; sourceTree = "<group>"; };
		9D77B69C1C8D967B00148032 /* NetworkMovieRepositoryTest.swift */ = {isa = PBXFileReference; fileEncoding = 4; lastKnownFileType = sourcecode.swift; path = NetworkMovieRepositoryTest.swift; sourceTree = "<group>"; };
		9D77B69E1C8D967B00148032 /* ExtensionsForTest.swift */ = {isa = PBXFileReference; fileEncoding = 4; lastKnownFileType = sourcecode.swift; path = ExtensionsForTest.swift; sourceTree = "<group>"; };
		9D77B69F1C8D967B00148032 /* Info.plist */ = {isa = PBXFileReference; fileEncoding = 4; lastKnownFileType = text.plist.xml; path = Info.plist; sourceTree = "<group>"; };
		9DB285DF1C8D941F005B1328 /* Movie.swift */ = {isa = PBXFileReference; fileEncoding = 4; lastKnownFileType = sourcecode.swift; path = Movie.swift; sourceTree = "<group>"; };
		9DB285E01C8D941F005B1328 /* MovieList.swift */ = {isa = PBXFileReference; fileEncoding = 4; lastKnownFileType = sourcecode.swift; path = MovieList.swift; sourceTree = "<group>"; };
		9DB285E11C8D941F005B1328 /* MovieListParser.swift */ = {isa = PBXFileReference; fileEncoding = 4; lastKnownFileType = sourcecode.swift; path = MovieListParser.swift; sourceTree = "<group>"; };
		9DB285E21C8D941F005B1328 /* MovieParseError.swift */ = {isa = PBXFileReference; fileEncoding = 4; lastKnownFileType = sourcecode.swift; path = MovieParseError.swift; sourceTree = "<group>"; };
		9DB285E31C8D941F005B1328 /* MovieParser.swift */ = {isa = PBXFileReference; fileEncoding = 4; lastKnownFileType = sourcecode.swift; path = MovieParser.swift; sourceTree = "<group>"; };
		9DB285E41C8D941F005B1328 /* MovieViewController.swift */ = {isa = PBXFileReference; fileEncoding = 4; lastKnownFileType = sourcecode.swift; path = MovieViewController.swift; sourceTree = "<group>"; };
		9DB285EB1C8D9427005B1328 /* ConfiguredNetworkSession.swift */ = {isa = PBXFileReference; fileEncoding = 4; lastKnownFileType = sourcecode.swift; path = ConfiguredNetworkSession.swift; sourceTree = "<group>"; };
		9DB285EC1C8D9427005B1328 /* DataParser.swift */ = {isa = PBXFileReference; fileEncoding = 4; lastKnownFileType = sourcecode.swift; path = DataParser.swift; sourceTree = "<group>"; };
		9DB285ED1C8D9427005B1328 /* NetworkHttp.swift */ = {isa = PBXFileReference; fileEncoding = 4; lastKnownFileType = sourcecode.swift; path = NetworkHttp.swift; sourceTree = "<group>"; };
		9DB285EE1C8D9427005B1328 /* NetworkMovieRepository.swift */ = {isa = PBXFileReference; fileEncoding = 4; lastKnownFileType = sourcecode.swift; path = NetworkMovieRepository.swift; sourceTree = "<group>"; };
		AE1433751C6D5F50003297B9 /* Movies.app */ = {isa = PBXFileReference; explicitFileType = wrapper.application; includeInIndex = 0; path = Movies.app; sourceTree = BUILT_PRODUCTS_DIR; };
		AE1433891C6D5F50003297B9 /* MoviesTests.xctest */ = {isa = PBXFileReference; explicitFileType = wrapper.cfbundle; includeInIndex = 0; path = MoviesTests.xctest; sourceTree = BUILT_PRODUCTS_DIR; };
		AE1994531C6D9A8100196A36 /* BrightFutures.framework */ = {isa = PBXFileReference; lastKnownFileType = wrapper.framework; name = BrightFutures.framework; path = Carthage/Build/iOS/BrightFutures.framework; sourceTree = "<group>"; };
		AE1994571C6D9B6B00196A36 /* Result.framework */ = {isa = PBXFileReference; lastKnownFileType = wrapper.framework; name = Result.framework; path = Carthage/Build/iOS/Result.framework; sourceTree = "<group>"; };
/* End PBXFileReference section */

/* Begin PBXFrameworksBuildPhase section */
		AE1433721C6D5F50003297B9 /* Frameworks */ = {
			isa = PBXFrameworksBuildPhase;
			buildActionMask = 2147483647;
			files = (
				AE1994541C6D9A8100196A36 /* BrightFutures.framework in Frameworks */,
				AE1994581C6D9B6B00196A36 /* Result.framework in Frameworks */,
			);
			runOnlyForDeploymentPostprocessing = 0;
		};
		AE1433861C6D5F50003297B9 /* Frameworks */ = {
			isa = PBXFrameworksBuildPhase;
			buildActionMask = 2147483647;
			files = (
				AE1994591C6D9BA300196A36 /* BrightFutures.framework in Frameworks */,
				AE19945A1C6D9BA300196A36 /* Result.framework in Frameworks */,
			);
			runOnlyForDeploymentPostprocessing = 0;
		};
/* End PBXFrameworksBuildPhase section */

/* Begin PBXGroup section */
		9D1A81371C8D927C00BB6264 /* Application */ = {
			isa = PBXGroup;
			children = (
				9D462E5A1C8D93C700D43273 /* AppDelegate.swift */,
				9D462E5E1C8D93C700D43273 /* Environment.swift */,
				9D462E5F1C8D93C700D43273 /* Info.plist */,
				9D462E661C8D93D500D43273 /* LaunchScreen.storyboard */,
				9D462E601C8D93C700D43273 /* main.swift */,
			);
			path = Application;
			sourceTree = "<group>";
		};
		9D1A81381C8D927C00BB6264 /* Movies */ = {
			isa = PBXGroup;
			children = (
				9DB285DF1C8D941F005B1328 /* Movie.swift */,
				9DB285E01C8D941F005B1328 /* MovieList.swift */,
				9DB285E11C8D941F005B1328 /* MovieListParser.swift */,
				9DB285E21C8D941F005B1328 /* MovieParseError.swift */,
				9DB285E31C8D941F005B1328 /* MovieParser.swift */,
				9DB285E41C8D941F005B1328 /* MovieViewController.swift */,
			);
			path = Movies;
			sourceTree = "<group>";
		};
		9D1A81391C8D927C00BB6264 /* Network */ = {
			isa = PBXGroup;
			children = (
				9DB285EB1C8D9427005B1328 /* ConfiguredNetworkSession.swift */,
				9DB285EC1C8D9427005B1328 /* DataParser.swift */,
				9DB285ED1C8D9427005B1328 /* NetworkHttp.swift */,
				9DB285EE1C8D9427005B1328 /* NetworkMovieRepository.swift */,
			);
			path = Network;
			sourceTree = "<group>";
		};
		9D77B6931C8D967B00148032 /* Movies */ = {
			isa = PBXGroup;
			children = (
				9D77B6941C8D967B00148032 /* FakeMovieRepository.swift */,
				9D77B6951C8D967B00148032 /* MovieListParserTest.swift */,
				9D77B6961C8D967B00148032 /* MovieParserTest.swift */,
				9D77B6971C8D967B00148032 /* MovieViewControllerTest.swift */,
			);
			path = Movies;
			sourceTree = "<group>";
		};
		9D77B6981C8D967B00148032 /* Network */ = {
			isa = PBXGroup;
			children = (
				9D77B6991C8D967B00148032 /* FakeHttp.swift */,
				9D77B69A1C8D967B00148032 /* FakeSession.swift */,
				9D77B69B1C8D967B00148032 /* NetworkHttpTest.swift */,
				9D77B69C1C8D967B00148032 /* NetworkMovieRepositoryTest.swift */,
			);
			path = Network;
			sourceTree = "<group>";
		};
		9D77B69D1C8D967B00148032 /* ApplicationTest */ = {
			isa = PBXGroup;
			children = (
				9D77B69E1C8D967B00148032 /* ExtensionsForTest.swift */,
				9D77B69F1C8D967B00148032 /* Info.plist */,
			);
			name = ApplicationTest;
			path = TestApplication;
			sourceTree = "<group>";
		};
		9D77B6AF1C8D988500148032 /* Frameworks */ = {
			isa = PBXGroup;
			children = (
				AE1994531C6D9A8100196A36 /* BrightFutures.framework */,
				AE1994571C6D9B6B00196A36 /* Result.framework */,
			);
			name = Frameworks;
			sourceTree = "<group>";
		};
		AE14336C1C6D5F50003297B9 = {
			isa = PBXGroup;
			children = (
				9D77B6AF1C8D988500148032 /* Frameworks */,
				AE1433771C6D5F50003297B9 /* Movies */,
				AE14338C1C6D5F50003297B9 /* MoviesTests */,
				AE1433761C6D5F50003297B9 /* Products */,
			);
			sourceTree = "<group>";
		};
		AE1433761C6D5F50003297B9 /* Products */ = {
			isa = PBXGroup;
			children = (
				AE1433751C6D5F50003297B9 /* Movies.app */,
				AE1433891C6D5F50003297B9 /* MoviesTests.xctest */,
			);
			name = Products;
			sourceTree = "<group>";
		};
		AE1433771C6D5F50003297B9 /* Movies */ = {
			isa = PBXGroup;
			children = (
				9D1A81371C8D927C00BB6264 /* Application */,
				9D1A81381C8D927C00BB6264 /* Movies */,
				9D1A81391C8D927C00BB6264 /* Network */,
			);
			path = Movies;
			sourceTree = "<group>";
		};
		AE14338C1C6D5F50003297B9 /* MoviesTests */ = {
			isa = PBXGroup;
			children = (
				9D77B69D1C8D967B00148032 /* ApplicationTest */,
				9D77B6931C8D967B00148032 /* Movies */,
				9D77B6981C8D967B00148032 /* Network */,
			);
			path = MoviesTests;
			sourceTree = "<group>";
		};
/* End PBXGroup section */

/* Begin PBXNativeTarget section */
		AE1433741C6D5F50003297B9 /* Movies */ = {
			isa = PBXNativeTarget;
			buildConfigurationList = AE1433921C6D5F50003297B9 /* Build configuration list for PBXNativeTarget "Movies" */;
			buildPhases = (
				AE1433711C6D5F50003297B9 /* Sources */,
				AE1433721C6D5F50003297B9 /* Frameworks */,
				AE1433731C6D5F50003297B9 /* Resources */,
				AE1994551C6D9A8E00196A36 /* ShellScript */,
			);
			buildRules = (
			);
			dependencies = (
			);
			name = Movies;
			productName = Movies;
			productReference = AE1433751C6D5F50003297B9 /* Movies.app */;
			productType = "com.apple.product-type.application";
		};
		AE1433881C6D5F50003297B9 /* MoviesTests */ = {
			isa = PBXNativeTarget;
			buildConfigurationList = AE1433951C6D5F50003297B9 /* Build configuration list for PBXNativeTarget "MoviesTests" */;
			buildPhases = (
				AE1433851C6D5F50003297B9 /* Sources */,
				AE1433861C6D5F50003297B9 /* Frameworks */,
				AE1433871C6D5F50003297B9 /* Resources */,
			);
			buildRules = (
			);
			dependencies = (
				AE14338B1C6D5F50003297B9 /* PBXTargetDependency */,
			);
			name = MoviesTests;
			productName = MoviesTests;
			productReference = AE1433891C6D5F50003297B9 /* MoviesTests.xctest */;
			productType = "com.apple.product-type.bundle.unit-test";
		};
/* End PBXNativeTarget section */

/* Begin PBXProject section */
		AE14336D1C6D5F50003297B9 /* Project object */ = {
			isa = PBXProject;
			attributes = {
				LastSwiftUpdateCheck = 0720;
				LastUpgradeCheck = 0720;
				ORGANIZATIONNAME = Pivotal;
				TargetAttributes = {
					AE1433741C6D5F50003297B9 = {
						CreatedOnToolsVersion = 7.2.1;
					};
					AE1433881C6D5F50003297B9 = {
						CreatedOnToolsVersion = 7.2.1;
						TestTargetID = AE1433741C6D5F50003297B9;
					};
				};
			};
			buildConfigurationList = AE1433701C6D5F50003297B9 /* Build configuration list for PBXProject "Movies" */;
			compatibilityVersion = "Xcode 3.2";
			developmentRegion = English;
			hasScannedForEncodings = 0;
			knownRegions = (
				en,
				Base,
			);
			mainGroup = AE14336C1C6D5F50003297B9;
			productRefGroup = AE1433761C6D5F50003297B9 /* Products */;
			projectDirPath = "";
			projectRoot = "";
			targets = (
				AE1433741C6D5F50003297B9 /* Movies */,
				AE1433881C6D5F50003297B9 /* MoviesTests */,
			);
		};
/* End PBXProject section */

/* Begin PBXResourcesBuildPhase section */
		AE1433731C6D5F50003297B9 /* Resources */ = {
			isa = PBXResourcesBuildPhase;
			buildActionMask = 2147483647;
			files = (
				9D462E681C8D93D500D43273 /* LaunchScreen.storyboard in Resources */,
			);
			runOnlyForDeploymentPostprocessing = 0;
		};
		AE1433871C6D5F50003297B9 /* Resources */ = {
			isa = PBXResourcesBuildPhase;
			buildActionMask = 2147483647;
			files = (
			);
			runOnlyForDeploymentPostprocessing = 0;
		};
/* End PBXResourcesBuildPhase section */

/* Begin PBXShellScriptBuildPhase section */
		AE1994551C6D9A8E00196A36 /* ShellScript */ = {
			isa = PBXShellScriptBuildPhase;
			buildActionMask = 2147483647;
			files = (
			);
			inputPaths = (
				"$(SRCROOT)/Carthage/Build/iOS/BrightFutures.framework",
				"$(SRCROOT)/Carthage/Build/iOS/Result.framework",
			);
			outputPaths = (
			);
			runOnlyForDeploymentPostprocessing = 0;
			shellPath = /bin/sh;
			shellScript = "/usr/local/bin/carthage copy-frameworks";
		};
/* End PBXShellScriptBuildPhase section */

/* Begin PBXSourcesBuildPhase section */
		AE1433711C6D5F50003297B9 /* Sources */ = {
			isa = PBXSourcesBuildPhase;
			buildActionMask = 2147483647;
			files = (
				9D462E611C8D93C700D43273 /* AppDelegate.swift in Sources */,
				9DB285EF1C8D9427005B1328 /* ConfiguredNetworkSession.swift in Sources */,
				9DB285F01C8D9427005B1328 /* DataParser.swift in Sources */,
				9D462E631C8D93C700D43273 /* Environment.swift in Sources */,
				9D462E651C8D93C700D43273 /* main.swift in Sources */,
				9DB285E51C8D941F005B1328 /* Movie.swift in Sources */,
				9DB285E61C8D941F005B1328 /* MovieList.swift in Sources */,
				9DB285E71C8D941F005B1328 /* MovieListParser.swift in Sources */,
				9DB285E81C8D941F005B1328 /* MovieParseError.swift in Sources */,
				9DB285E91C8D941F005B1328 /* MovieParser.swift in Sources */,
				9DB285EA1C8D941F005B1328 /* MovieViewController.swift in Sources */,
				9DB285F11C8D9427005B1328 /* NetworkHttp.swift in Sources */,
				9DB285F21C8D9427005B1328 /* NetworkMovieRepository.swift in Sources */,
			);
			runOnlyForDeploymentPostprocessing = 0;
		};
		AE1433851C6D5F50003297B9 /* Sources */ = {
			isa = PBXSourcesBuildPhase;
			buildActionMask = 2147483647;
			files = (
				9D77B6A81C8D967B00148032 /* ExtensionsForTest.swift in Sources */,
				9D77B6A41C8D967B00148032 /* FakeHttp.swift in Sources */,
				9D77B6A01C8D967B00148032 /* FakeMovieRepository.swift in Sources */,
				9D77B6A51C8D967B00148032 /* FakeSession.swift in Sources */,
				9D77B6A11C8D967B00148032 /* MovieListParserTest.swift in Sources */,
				9D77B6A21C8D967B00148032 /* MovieParserTest.swift in Sources */,
				9D77B6A31C8D967B00148032 /* MovieViewControllerTest.swift in Sources */,
				9D77B6A61C8D967B00148032 /* NetworkHttpTest.swift in Sources */,
				9D77B6A71C8D967B00148032 /* NetworkMovieRepositoryTest.swift in Sources */,
			);
			runOnlyForDeploymentPostprocessing = 0;
		};
/* End PBXSourcesBuildPhase section */

/* Begin PBXTargetDependency section */
		AE14338B1C6D5F50003297B9 /* PBXTargetDependency */ = {
			isa = PBXTargetDependency;
			target = AE1433741C6D5F50003297B9 /* Movies */;
			targetProxy = AE14338A1C6D5F50003297B9 /* PBXContainerItemProxy */;
		};
/* End PBXTargetDependency section */

/* Begin PBXVariantGroup section */
		9D462E661C8D93D500D43273 /* LaunchScreen.storyboard */ = {
			isa = PBXVariantGroup;
			children = (
				9D462E671C8D93D500D43273 /* Base */,
			);
			name = LaunchScreen.storyboard;
			sourceTree = "<group>";
		};
/* End PBXVariantGroup section */

/* Begin XCBuildConfiguration section */
		9D1A72E71C736B77007D2441 /* Production */ = {
			isa = XCBuildConfiguration;
			buildSettings = {
				ALWAYS_SEARCH_USER_PATHS = NO;
				CLANG_CXX_LANGUAGE_STANDARD = "gnu++0x";
				CLANG_CXX_LIBRARY = "libc++";
				CLANG_ENABLE_MODULES = YES;
				CLANG_ENABLE_OBJC_ARC = YES;
				CLANG_WARN_BOOL_CONVERSION = YES;
				CLANG_WARN_CONSTANT_CONVERSION = YES;
				CLANG_WARN_DIRECT_OBJC_ISA_USAGE = YES_ERROR;
				CLANG_WARN_EMPTY_BODY = YES;
				CLANG_WARN_ENUM_CONVERSION = YES;
				CLANG_WARN_INT_CONVERSION = YES;
				CLANG_WARN_OBJC_ROOT_CLASS = YES_ERROR;
				CLANG_WARN_UNREACHABLE_CODE = YES;
				CLANG_WARN__DUPLICATE_METHOD_MATCH = YES;
				"CODE_SIGN_IDENTITY[sdk=iphoneos*]" = "iPhone Developer";
				COPY_PHASE_STRIP = NO;
				DEBUG_INFORMATION_FORMAT = "dwarf-with-dsym";
				ENABLE_NS_ASSERTIONS = NO;
				ENABLE_STRICT_OBJC_MSGSEND = YES;
				GCC_C_LANGUAGE_STANDARD = gnu99;
				GCC_NO_COMMON_BLOCKS = YES;
				GCC_WARN_64_TO_32_BIT_CONVERSION = YES;
				GCC_WARN_ABOUT_RETURN_TYPE = YES_ERROR;
				GCC_WARN_UNDECLARED_SELECTOR = YES;
				GCC_WARN_UNINITIALIZED_AUTOS = YES_AGGRESSIVE;
				GCC_WARN_UNUSED_FUNCTION = YES;
				GCC_WARN_UNUSED_VARIABLE = YES;
				IPHONEOS_DEPLOYMENT_TARGET = 9.2;
				MTL_ENABLE_DEBUG_INFO = NO;
				SDKROOT = iphoneos;
				VALIDATE_PRODUCT = YES;
			};
			name = Production;
		};
		9D1A72E81C736B77007D2441 /* Production */ = {
			isa = XCBuildConfiguration;
			buildSettings = {
				ASSETCATALOG_COMPILER_APPICON_NAME = AppIcon;
				ASSETCATALOG_COMPILER_LAUNCHIMAGE_NAME = "Brand Assets";
				CODE_SIGN_IDENTITY = "iPhone Developer";
				FRAMEWORK_SEARCH_PATHS = (
					"$(inherited)",
					"$(PROJECT_DIR)/Carthage/Build/iOS",
				);
				INFOPLIST_FILE = Movies/Application/Info.plist;
				LD_RUNPATH_SEARCH_PATHS = "$(inherited) @executable_path/Frameworks";
				OTHER_SWIFT_FLAGS = "-DPRODUCTION";
				PRODUCT_BUNDLE_IDENTIFIER = io.pivotal.Movies;
				PRODUCT_NAME = "$(TARGET_NAME)";
			};
			name = Production;
		};
		9D1A72E91C736B77007D2441 /* Production */ = {
			isa = XCBuildConfiguration;
			buildSettings = {
				BUNDLE_LOADER = "$(TEST_HOST)";
				FRAMEWORK_SEARCH_PATHS = (
					"$(inherited)",
					"$(PROJECT_DIR)/Carthage/Build/iOS",
				);
				INFOPLIST_FILE = MoviesTests/TestApplication/Info.plist;
				LD_RUNPATH_SEARCH_PATHS = "$(inherited) @executable_path/Frameworks @loader_path/Frameworks";
				PRODUCT_BUNDLE_IDENTIFIER = io.pivotal.MoviesTests;
				PRODUCT_NAME = "$(TARGET_NAME)";
				TEST_HOST = "$(BUILT_PRODUCTS_DIR)/Movies.app/Movies";
			};
			name = Production;
		};
		AE1433901C6D5F50003297B9 /* Debug */ = {
			isa = XCBuildConfiguration;
			buildSettings = {
				ALWAYS_SEARCH_USER_PATHS = NO;
				CLANG_CXX_LANGUAGE_STANDARD = "gnu++0x";
				CLANG_CXX_LIBRARY = "libc++";
				CLANG_ENABLE_MODULES = YES;
				CLANG_ENABLE_OBJC_ARC = YES;
				CLANG_WARN_BOOL_CONVERSION = YES;
				CLANG_WARN_CONSTANT_CONVERSION = YES;
				CLANG_WARN_DIRECT_OBJC_ISA_USAGE = YES_ERROR;
				CLANG_WARN_EMPTY_BODY = YES;
				CLANG_WARN_ENUM_CONVERSION = YES;
				CLANG_WARN_INT_CONVERSION = YES;
				CLANG_WARN_OBJC_ROOT_CLASS = YES_ERROR;
				CLANG_WARN_UNREACHABLE_CODE = YES;
				CLANG_WARN__DUPLICATE_METHOD_MATCH = YES;
				"CODE_SIGN_IDENTITY[sdk=iphoneos*]" = "iPhone Developer";
				COPY_PHASE_STRIP = NO;
				DEBUG_INFORMATION_FORMAT = dwarf;
				ENABLE_STRICT_OBJC_MSGSEND = YES;
				ENABLE_TESTABILITY = YES;
				GCC_C_LANGUAGE_STANDARD = gnu99;
				GCC_DYNAMIC_NO_PIC = NO;
				GCC_NO_COMMON_BLOCKS = YES;
				GCC_OPTIMIZATION_LEVEL = 0;
				GCC_PREPROCESSOR_DEFINITIONS = (
					"DEBUG=1",
					"$(inherited)",
				);
				GCC_WARN_64_TO_32_BIT_CONVERSION = YES;
				GCC_WARN_ABOUT_RETURN_TYPE = YES_ERROR;
				GCC_WARN_UNDECLARED_SELECTOR = YES;
				GCC_WARN_UNINITIALIZED_AUTOS = YES_AGGRESSIVE;
				GCC_WARN_UNUSED_FUNCTION = YES;
				GCC_WARN_UNUSED_VARIABLE = YES;
				IPHONEOS_DEPLOYMENT_TARGET = 9.2;
				MTL_ENABLE_DEBUG_INFO = YES;
				ONLY_ACTIVE_ARCH = YES;
				SDKROOT = iphoneos;
				SWIFT_OPTIMIZATION_LEVEL = "-Onone";
			};
			name = Debug;
		};
		AE1433911C6D5F50003297B9 /* Acceptance */ = {
			isa = XCBuildConfiguration;
			buildSettings = {
				ALWAYS_SEARCH_USER_PATHS = NO;
				CLANG_CXX_LANGUAGE_STANDARD = "gnu++0x";
				CLANG_CXX_LIBRARY = "libc++";
				CLANG_ENABLE_MODULES = YES;
				CLANG_ENABLE_OBJC_ARC = YES;
				CLANG_WARN_BOOL_CONVERSION = YES;
				CLANG_WARN_CONSTANT_CONVERSION = YES;
				CLANG_WARN_DIRECT_OBJC_ISA_USAGE = YES_ERROR;
				CLANG_WARN_EMPTY_BODY = YES;
				CLANG_WARN_ENUM_CONVERSION = YES;
				CLANG_WARN_INT_CONVERSION = YES;
				CLANG_WARN_OBJC_ROOT_CLASS = YES_ERROR;
				CLANG_WARN_UNREACHABLE_CODE = YES;
				CLANG_WARN__DUPLICATE_METHOD_MATCH = YES;
				"CODE_SIGN_IDENTITY[sdk=iphoneos*]" = "iPhone Developer";
				COPY_PHASE_STRIP = NO;
				DEBUG_INFORMATION_FORMAT = "dwarf-with-dsym";
				ENABLE_NS_ASSERTIONS = NO;
				ENABLE_STRICT_OBJC_MSGSEND = YES;
				GCC_C_LANGUAGE_STANDARD = gnu99;
				GCC_NO_COMMON_BLOCKS = YES;
				GCC_WARN_64_TO_32_BIT_CONVERSION = YES;
				GCC_WARN_ABOUT_RETURN_TYPE = YES_ERROR;
				GCC_WARN_UNDECLARED_SELECTOR = YES;
				GCC_WARN_UNINITIALIZED_AUTOS = YES_AGGRESSIVE;
				GCC_WARN_UNUSED_FUNCTION = YES;
				GCC_WARN_UNUSED_VARIABLE = YES;
				IPHONEOS_DEPLOYMENT_TARGET = 9.2;
				MTL_ENABLE_DEBUG_INFO = NO;
				SDKROOT = iphoneos;
				VALIDATE_PRODUCT = YES;
			};
			name = Acceptance;
		};
		AE1433931C6D5F50003297B9 /* Debug */ = {
			isa = XCBuildConfiguration;
			buildSettings = {
				ASSETCATALOG_COMPILER_APPICON_NAME = AppIcon;
				ASSETCATALOG_COMPILER_LAUNCHIMAGE_NAME = "Brand Assets";
				CODE_SIGN_IDENTITY = "iPhone Developer";
				FRAMEWORK_SEARCH_PATHS = (
					"$(inherited)",
					"$(PROJECT_DIR)/Carthage/Build/iOS",
				);
				INFOPLIST_FILE = Movies/Application/Info.plist;
				LD_RUNPATH_SEARCH_PATHS = "$(inherited) @executable_path/Frameworks";
				OTHER_SWIFT_FLAGS = "-DDEBUG";
				PRODUCT_BUNDLE_IDENTIFIER = io.pivotal.Movies;
				PRODUCT_NAME = "$(TARGET_NAME)";
			};
			name = Debug;
		};
		AE1433941C6D5F50003297B9 /* Acceptance */ = {
			isa = XCBuildConfiguration;
			buildSettings = {
				ASSETCATALOG_COMPILER_APPICON_NAME = AppIcon;
				ASSETCATALOG_COMPILER_LAUNCHIMAGE_NAME = "Brand Assets";
				CODE_SIGN_IDENTITY = "iPhone Developer";
				FRAMEWORK_SEARCH_PATHS = (
					"$(inherited)",
					"$(PROJECT_DIR)/Carthage/Build/iOS",
				);
				INFOPLIST_FILE = Movies/Application/Info.plist;
				LD_RUNPATH_SEARCH_PATHS = "$(inherited) @executable_path/Frameworks";
				OTHER_SWIFT_FLAGS = "-DACCEPTANCE";
				PRODUCT_BUNDLE_IDENTIFIER = io.pivotal.Movies;
				PRODUCT_NAME = "$(TARGET_NAME)";
			};
			name = Acceptance;
		};
		AE1433961C6D5F50003297B9 /* Debug */ = {
			isa = XCBuildConfiguration;
			buildSettings = {
				BUNDLE_LOADER = "$(TEST_HOST)";
				FRAMEWORK_SEARCH_PATHS = (
					"$(inherited)",
					"$(PROJECT_DIR)/Carthage/Build/iOS",
				);
				INFOPLIST_FILE = MoviesTests/TestApplication/Info.plist;
				LD_RUNPATH_SEARCH_PATHS = "$(inherited) @executable_path/Frameworks @loader_path/Frameworks";
				PRODUCT_BUNDLE_IDENTIFIER = io.pivotal.MoviesTests;
				PRODUCT_NAME = "$(TARGET_NAME)";
				TEST_HOST = "$(BUILT_PRODUCTS_DIR)/Movies.app/Movies";
			};
			name = Debug;
		};
		AE1433971C6D5F50003297B9 /* Acceptance */ = {
			isa = XCBuildConfiguration;
			buildSettings = {
				BUNDLE_LOADER = "$(TEST_HOST)";
				FRAMEWORK_SEARCH_PATHS = (
					"$(inherited)",
					"$(PROJECT_DIR)/Carthage/Build/iOS",
				);
				INFOPLIST_FILE = MoviesTests/TestApplication/Info.plist;
				LD_RUNPATH_SEARCH_PATHS = "$(inherited) @executable_path/Frameworks @loader_path/Frameworks";
				PRODUCT_BUNDLE_IDENTIFIER = io.pivotal.MoviesTests;
				PRODUCT_NAME = "$(TARGET_NAME)";
				TEST_HOST = "$(BUILT_PRODUCTS_DIR)/Movies.app/Movies";
			};
			name = Acceptance;
		};
/* End XCBuildConfiguration section */

/* Begin XCConfigurationList section */
		AE1433701C6D5F50003297B9 /* Build configuration list for PBXProject "Movies" */ = {
			isa = XCConfigurationList;
			buildConfigurations = (
				AE1433901C6D5F50003297B9 /* Debug */,
				AE1433911C6D5F50003297B9 /* Acceptance */,
				9D1A72E71C736B77007D2441 /* Production */,
			);
			defaultConfigurationIsVisible = 0;
			defaultConfigurationName = Acceptance;
		};
		AE1433921C6D5F50003297B9 /* Build configuration list for PBXNativeTarget "Movies" */ = {
			isa = XCConfigurationList;
			buildConfigurations = (
				AE1433931C6D5F50003297B9 /* Debug */,
				AE1433941C6D5F50003297B9 /* Acceptance */,
				9D1A72E81C736B77007D2441 /* Production */,
			);
			defaultConfigurationIsVisible = 0;
			defaultConfigurationName = Acceptance;
		};
		AE1433951C6D5F50003297B9 /* Build configuration list for PBXNativeTarget "MoviesTests" */ = {
			isa = XCConfigurationList;
			buildConfigurations = (
				AE1433961C6D5F50003297B9 /* Debug */,
				AE1433971C6D5F50003297B9 /* Acceptance */,
				9D1A72E91C736B77007D2441 /* Production */,
			);
			defaultConfigurationIsVisible = 0;
			defaultConfigurationName = Acceptance;
		};
/* End XCConfigurationList section */
	};
	rootObject = AE14336D1C6D5F50003297B9 /* Project object */;
}
